
Microsoft Visual Studio Solution File, Format Version 12.00
# Visual Studio 15
VisualStudioVersion = 15.0.26430.16
MinimumVisualStudioVersion = 10.0.40219.1
Project("{FAE04EC0-301F-11D3-BF4B-00C04F79EFBC}") = "01. 프로퍼티(property)_접근자(Accessor)_ex_285~287p", "01. 프로퍼티(property)_접근자(Accessor)_ex_285~287p\01. 프로퍼티(property)_접근자(Accessor)_ex_285~287p.csproj", "{CF2C31F4-DF96-445D-8686-B159F6AD32CB}"
EndProject
Project("{FAE04EC0-301F-11D3-BF4B-00C04F79EFBC}") = "02. 자동 구현 프로퍼티(Auto Implemented Property)_ex_289~290p", "02. 자동 구현 프로퍼티(Auto Implemented Property)_ex_289~290p\02. 자동 구현 프로퍼티(Auto Implemented Property)_ex_289~290p.csproj", "{7887DAEE-91B2-41DF-A842-2C4B4B327044}"
EndProject
Project("{FAE04EC0-301F-11D3-BF4B-00C04F79EFBC}") = "03. 프로퍼티와 생성자(Constructor with Property)_ex_292~293p", "03. 프로퍼티와 생성자(Constructor with Property)_ex_292~293p\03. 프로퍼티와 생성자(Constructor with Property)_ex_292~293p.csproj", "{270F91B9-C56F-4A16-8A48-162CDACAFAF7}"
EndProject
Project("{FAE04EC0-301F-11D3-BF4B-00C04F79EFBC}") = "04. 네임스페이스(namespace)의 정의", "04. 네임스페이스(namespace)의 정의\04. 네임스페이스(namespace)의 정의.csproj", "{7D04611E-E5C2-4C26-8598-8CC9D07E291C}"
EndProject
Project("{FAE04EC0-301F-11D3-BF4B-00C04F79EFBC}") = "05. 네임스페이스의 중복", "05. 네임스페이스의 중복\05. 네임스페이스의 중복.csproj", "{BF2E1B1C-3B3F-4DA1-AD7C-BBC55997E1DF}"
EndProject
Project("{FAE04EC0-301F-11D3-BF4B-00C04F79EFBC}") = "06. 네임스페이스_using 키워드", "06. 네임스페이스_using 키워드\06. 네임스페이스_using 키워드.csproj", "{47E81FC4-AD0D-4DE7-B96D-7C0001FEE4F3}"
EndProject
Project("{FAE04EC0-301F-11D3-BF4B-00C04F79EFBC}") = "07. 네임스페이스의 별명 부여", "07. 네임스페이스의 별명 부여\07. 네임스페이스의 별명 부여.csproj", "{9EA8129B-7FB1-4925-9894-3425826A9B43}"
EndProject
Project("{FAE04EC0-301F-11D3-BF4B-00C04F79EFBC}") = "08. Nullable 형식_ex_104p", "08. Nullable 형식_ex_104p\08. Nullable 형식_ex_104p.csproj", "{9E493C40-F82D-4F33-B9E2-94B01BC63AFD}"
EndProject
Project("{FAE04EC0-301F-11D3-BF4B-00C04F79EFBC}") = "09. var 키워드_ex_106p", "09. var 키워드_ex_106p\09. var 키워드_ex_106p.csproj", "{5884A623-EFDC-480C-9C55-728EFF73214F}"
EndProject
Project("{FAE04EC0-301F-11D3-BF4B-00C04F79EFBC}") = "10. 오버라이딩(Overriding)과 다형성(Polymorphism)_ex_241~242p", "10. 오버라이딩(Overriding)과 다형성(Polymorphism)_ex_241~242p\10. 오버라이딩(Overriding)과 다형성(Polymorphism)_ex_241~242p.csproj", "{955D54D3-4818-4EC0-9DEE-8CEF164C2F07}"
EndProject
Project("{FAE04EC0-301F-11D3-BF4B-00C04F79EFBC}") = "11. 가상 메서드(Virtual Method)_ex", "11. 가상 메서드(Virtual Method)_ex\11. 가상 메서드(Virtual Method)_ex.csproj", "{49D944E9-88A8-4862-A04E-F924148C28F3}"
EndProject
Global
	GlobalSection(SolutionConfigurationPlatforms) = preSolution
		Debug|Any CPU = Debug|Any CPU
		Release|Any CPU = Release|Any CPU
	EndGlobalSection
	GlobalSection(ProjectConfigurationPlatforms) = postSolution
		{CF2C31F4-DF96-445D-8686-B159F6AD32CB}.Debug|Any CPU.ActiveCfg = Debug|Any CPU
		{CF2C31F4-DF96-445D-8686-B159F6AD32CB}.Debug|Any CPU.Build.0 = Debug|Any CPU
		{CF2C31F4-DF96-445D-8686-B159F6AD32CB}.Release|Any CPU.ActiveCfg = Release|Any CPU
		{CF2C31F4-DF96-445D-8686-B159F6AD32CB}.Release|Any CPU.Build.0 = Release|Any CPU
		{7887DAEE-91B2-41DF-A842-2C4B4B327044}.Debug|Any CPU.ActiveCfg = Debug|Any CPU
		{7887DAEE-91B2-41DF-A842-2C4B4B327044}.Debug|Any CPU.Build.0 = Debug|Any CPU
		{7887DAEE-91B2-41DF-A842-2C4B4B327044}.Release|Any CPU.ActiveCfg = Release|Any CPU
		{7887DAEE-91B2-41DF-A842-2C4B4B327044}.Release|Any CPU.Build.0 = Release|Any CPU
		{270F91B9-C56F-4A16-8A48-162CDACAFAF7}.Debug|Any CPU.ActiveCfg = Debug|Any CPU
		{270F91B9-C56F-4A16-8A48-162CDACAFAF7}.Debug|Any CPU.Build.0 = Debug|Any CPU
		{270F91B9-C56F-4A16-8A48-162CDACAFAF7}.Release|Any CPU.ActiveCfg = Release|Any CPU
		{270F91B9-C56F-4A16-8A48-162CDACAFAF7}.Release|Any CPU.Build.0 = Release|Any CPU
		{7D04611E-E5C2-4C26-8598-8CC9D07E291C}.Debug|Any CPU.ActiveCfg = Debug|Any CPU
		{7D04611E-E5C2-4C26-8598-8CC9D07E291C}.Debug|Any CPU.Build.0 = Debug|Any CPU
		{7D04611E-E5C2-4C26-8598-8CC9D07E291C}.Release|Any CPU.ActiveCfg = Release|Any CPU
		{7D04611E-E5C2-4C26-8598-8CC9D07E291C}.Release|Any CPU.Build.0 = Release|Any CPU
		{BF2E1B1C-3B3F-4DA1-AD7C-BBC55997E1DF}.Debug|Any CPU.ActiveCfg = Debug|Any CPU
		{BF2E1B1C-3B3F-4DA1-AD7C-BBC55997E1DF}.Debug|Any CPU.Build.0 = Debug|Any CPU
		{BF2E1B1C-3B3F-4DA1-AD7C-BBC55997E1DF}.Release|Any CPU.ActiveCfg = Release|Any CPU
		{BF2E1B1C-3B3F-4DA1-AD7C-BBC55997E1DF}.Release|Any CPU.Build.0 = Release|Any CPU
		{47E81FC4-AD0D-4DE7-B96D-7C0001FEE4F3}.Debug|Any CPU.ActiveCfg = Debug|Any CPU
		{47E81FC4-AD0D-4DE7-B96D-7C0001FEE4F3}.Debug|Any CPU.Build.0 = Debug|Any CPU
		{47E81FC4-AD0D-4DE7-B96D-7C0001FEE4F3}.Release|Any CPU.ActiveCfg = Release|Any CPU
		{47E81FC4-AD0D-4DE7-B96D-7C0001FEE4F3}.Release|Any CPU.Build.0 = Release|Any CPU
		{9EA8129B-7FB1-4925-9894-3425826A9B43}.Debug|Any CPU.ActiveCfg = Debug|Any CPU
		{9EA8129B-7FB1-4925-9894-3425826A9B43}.Debug|Any CPU.Build.0 = Debug|Any CPU
		{9EA8129B-7FB1-4925-9894-3425826A9B43}.Release|Any CPU.ActiveCfg = Release|Any CPU
		{9EA8129B-7FB1-4925-9894-3425826A9B43}.Release|Any CPU.Build.0 = Release|Any CPU
		{9E493C40-F82D-4F33-B9E2-94B01BC63AFD}.Debug|Any CPU.ActiveCfg = Debug|Any CPU
		{9E493C40-F82D-4F33-B9E2-94B01BC63AFD}.Debug|Any CPU.Build.0 = Debug|Any CPU
		{9E493C40-F82D-4F33-B9E2-94B01BC63AFD}.Release|Any CPU.ActiveCfg = Release|Any CPU
		{9E493C40-F82D-4F33-B9E2-94B01BC63AFD}.Release|Any CPU.Build.0 = Release|Any CPU
		{5884A623-EFDC-480C-9C55-728EFF73214F}.Debug|Any CPU.ActiveCfg = Debug|Any CPU
		{5884A623-EFDC-480C-9C55-728EFF73214F}.Debug|Any CPU.Build.0 = Debug|Any CPU
		{5884A623-EFDC-480C-9C55-728EFF73214F}.Release|Any CPU.ActiveCfg = Release|Any CPU
		{5884A623-EFDC-480C-9C55-728EFF73214F}.Release|Any CPU.Build.0 = Release|Any CPU
		{955D54D3-4818-4EC0-9DEE-8CEF164C2F07}.Debug|Any CPU.ActiveCfg = Debug|Any CPU
		{955D54D3-4818-4EC0-9DEE-8CEF164C2F07}.Debug|Any CPU.Build.0 = Debug|Any CPU
		{955D54D3-4818-4EC0-9DEE-8CEF164C2F07}.Release|Any CPU.ActiveCfg = Release|Any CPU
		{955D54D3-4818-4EC0-9DEE-8CEF164C2F07}.Release|Any CPU.Build.0 = Release|Any CPU
		{49D944E9-88A8-4862-A04E-F924148C28F3}.Debug|Any CPU.ActiveCfg = Debug|Any CPU
		{49D944E9-88A8-4862-A04E-F924148C28F3}.Debug|Any CPU.Build.0 = Debug|Any CPU
		{49D944E9-88A8-4862-A04E-F924148C28F3}.Release|Any CPU.ActiveCfg = Release|Any CPU
		{49D944E9-88A8-4862-A04E-F924148C28F3}.Release|Any CPU.Build.0 = Release|Any CPU
	EndGlobalSection
	GlobalSection(SolutionProperties) = preSolution
		HideSolutionNode = FALSE
	EndGlobalSection
EndGlobal
