
Microsoft Visual Studio Solution File, Format Version 12.00
# Visual Studio 15
VisualStudioVersion = 15.0.26430.16
MinimumVisualStudioVersion = 10.0.40219.1
Project("{FAE04EC0-301F-11D3-BF4B-00C04F79EFBC}") = "01. 배열(Array)_재그배열_ex", "01. 배열(Array)_재그배열_ex\01. 배열(Array)_재그배열_ex.csproj", "{251948CB-A1C9-4A0D-A798-C480474793CF}"
EndProject
Project("{FAE04EC0-301F-11D3-BF4B-00C04F79EFBC}") = "02. 배열의 복사(ArrayCopy)", "02. 배열의 복사(ArrayCopy)\02. 배열의 복사(ArrayCopy).csproj", "{33B7B3A7-DE67-46F7-93B9-93871781D690}"
EndProject
Project("{FAE04EC0-301F-11D3-BF4B-00C04F79EFBC}") = "03. 배열의 정리(Sort)", "03. 배열의 정리(Sort)\03. 배열의 정리(Sort).csproj", "{DAEA49D2-A316-4985-B84D-55A821D5A0D1}"
EndProject
Project("{FAE04EC0-301F-11D3-BF4B-00C04F79EFBC}") = "04. 상속(Inheritance)", "04. 상속(Inheritance)\04. 상속(Inheritance).csproj", "{B75EAA07-ACBA-449F-AFE1-085F2AE33569}"
EndProject
Project("{FAE04EC0-301F-11D3-BF4B-00C04F79EFBC}") = "05. 상속으로 코드 재활용_ex_231~233p", "05. 상속으로 코드 재활용_ex_231~233p\05. 상속으로 코드 재활용_ex_231~233p.csproj", "{BF792538-AE44-4BB9-ACF6-B94007777FA3}"
EndProject
Project("{FAE04EC0-301F-11D3-BF4B-00C04F79EFBC}") = "06. 기반 class와 파생 class 사이의 형식 변환, is와 as_ex_237~238p", "06. 기반 class와 파생 class 사이의 형식 변환, is와 as_ex_237~238p\06. 기반 class와 파생 class 사이의 형식 변환, is와 as_ex_237~238p.csproj", "{14D1C26E-60FA-4815-935A-BD2C1703C5AE}"
EndProject
Project("{FAE04EC0-301F-11D3-BF4B-00C04F79EFBC}") = "07. class 내 정적(Static) 변수", "07. class 내 정적(Static) 변수\07. class 내 정적(Static) 변수.csproj", "{C29B6D64-4452-4CDA-89EA-DB8063110537}"
EndProject
Project("{FAE04EC0-301F-11D3-BF4B-00C04F79EFBC}") = "08. 생성자(Constructor)_Base 키워드", "08. 생성자(Constructor)_Base 키워드\08. 생성자(Constructor)_Base 키워드.csproj", "{F5DF8B36-37F4-4EB7-AD7D-B320C772BA0D}"
EndProject
Global
	GlobalSection(SolutionConfigurationPlatforms) = preSolution
		Debug|Any CPU = Debug|Any CPU
		Release|Any CPU = Release|Any CPU
	EndGlobalSection
	GlobalSection(ProjectConfigurationPlatforms) = postSolution
		{251948CB-A1C9-4A0D-A798-C480474793CF}.Debug|Any CPU.ActiveCfg = Debug|Any CPU
		{251948CB-A1C9-4A0D-A798-C480474793CF}.Debug|Any CPU.Build.0 = Debug|Any CPU
		{251948CB-A1C9-4A0D-A798-C480474793CF}.Release|Any CPU.ActiveCfg = Release|Any CPU
		{251948CB-A1C9-4A0D-A798-C480474793CF}.Release|Any CPU.Build.0 = Release|Any CPU
		{33B7B3A7-DE67-46F7-93B9-93871781D690}.Debug|Any CPU.ActiveCfg = Debug|Any CPU
		{33B7B3A7-DE67-46F7-93B9-93871781D690}.Debug|Any CPU.Build.0 = Debug|Any CPU
		{33B7B3A7-DE67-46F7-93B9-93871781D690}.Release|Any CPU.ActiveCfg = Release|Any CPU
		{33B7B3A7-DE67-46F7-93B9-93871781D690}.Release|Any CPU.Build.0 = Release|Any CPU
		{DAEA49D2-A316-4985-B84D-55A821D5A0D1}.Debug|Any CPU.ActiveCfg = Debug|Any CPU
		{DAEA49D2-A316-4985-B84D-55A821D5A0D1}.Debug|Any CPU.Build.0 = Debug|Any CPU
		{DAEA49D2-A316-4985-B84D-55A821D5A0D1}.Release|Any CPU.ActiveCfg = Release|Any CPU
		{DAEA49D2-A316-4985-B84D-55A821D5A0D1}.Release|Any CPU.Build.0 = Release|Any CPU
		{B75EAA07-ACBA-449F-AFE1-085F2AE33569}.Debug|Any CPU.ActiveCfg = Debug|Any CPU
		{B75EAA07-ACBA-449F-AFE1-085F2AE33569}.Debug|Any CPU.Build.0 = Debug|Any CPU
		{B75EAA07-ACBA-449F-AFE1-085F2AE33569}.Release|Any CPU.ActiveCfg = Release|Any CPU
		{B75EAA07-ACBA-449F-AFE1-085F2AE33569}.Release|Any CPU.Build.0 = Release|Any CPU
		{BF792538-AE44-4BB9-ACF6-B94007777FA3}.Debug|Any CPU.ActiveCfg = Debug|Any CPU
		{BF792538-AE44-4BB9-ACF6-B94007777FA3}.Debug|Any CPU.Build.0 = Debug|Any CPU
		{BF792538-AE44-4BB9-ACF6-B94007777FA3}.Release|Any CPU.ActiveCfg = Release|Any CPU
		{BF792538-AE44-4BB9-ACF6-B94007777FA3}.Release|Any CPU.Build.0 = Release|Any CPU
		{14D1C26E-60FA-4815-935A-BD2C1703C5AE}.Debug|Any CPU.ActiveCfg = Debug|Any CPU
		{14D1C26E-60FA-4815-935A-BD2C1703C5AE}.Debug|Any CPU.Build.0 = Debug|Any CPU
		{14D1C26E-60FA-4815-935A-BD2C1703C5AE}.Release|Any CPU.ActiveCfg = Release|Any CPU
		{14D1C26E-60FA-4815-935A-BD2C1703C5AE}.Release|Any CPU.Build.0 = Release|Any CPU
		{C29B6D64-4452-4CDA-89EA-DB8063110537}.Debug|Any CPU.ActiveCfg = Debug|Any CPU
		{C29B6D64-4452-4CDA-89EA-DB8063110537}.Debug|Any CPU.Build.0 = Debug|Any CPU
		{C29B6D64-4452-4CDA-89EA-DB8063110537}.Release|Any CPU.ActiveCfg = Release|Any CPU
		{C29B6D64-4452-4CDA-89EA-DB8063110537}.Release|Any CPU.Build.0 = Release|Any CPU
		{F5DF8B36-37F4-4EB7-AD7D-B320C772BA0D}.Debug|Any CPU.ActiveCfg = Debug|Any CPU
		{F5DF8B36-37F4-4EB7-AD7D-B320C772BA0D}.Debug|Any CPU.Build.0 = Debug|Any CPU
		{F5DF8B36-37F4-4EB7-AD7D-B320C772BA0D}.Release|Any CPU.ActiveCfg = Release|Any CPU
		{F5DF8B36-37F4-4EB7-AD7D-B320C772BA0D}.Release|Any CPU.Build.0 = Release|Any CPU
	EndGlobalSection
	GlobalSection(SolutionProperties) = preSolution
		HideSolutionNode = FALSE
	EndGlobalSection
EndGlobal
