
Microsoft Visual Studio Solution File, Format Version 12.00
# Visual Studio 15
VisualStudioVersion = 15.0.26430.16
MinimumVisualStudioVersion = 10.0.40219.1
Project("{FAE04EC0-301F-11D3-BF4B-00C04F79EFBC}") = "01. method의 정의", "01. method의 정의\01. method의 정의.csproj", "{D625D5D4-DEF2-41D7-A2A8-9CCEE125675E}"
EndProject
Project("{FAE04EC0-301F-11D3-BF4B-00C04F79EFBC}") = "02. 중첩 method", "02. 중첩 method\02. 중첩 method.csproj", "{0C76C608-8B93-409D-BCAD-5D6BAA59C87E}"
EndProject
Project("{FAE04EC0-301F-11D3-BF4B-00C04F79EFBC}") = "03. 재귀 method", "03. 재귀 method\03. 재귀 method.csproj", "{05031B70-2877-465A-9F54-F3A60210B84D}"
EndProject
Project("{FAE04EC0-301F-11D3-BF4B-00C04F79EFBC}") = "04. method 내 정적(static)변수", "04. method 내 정적(static)변수\04. method 내 정적(static)변수.csproj", "{50C7373C-00D7-4D97-B76A-55F58FA3C5B8}"
EndProject
Project("{FAE04EC0-301F-11D3-BF4B-00C04F79EFBC}") = "05. method_ex_176p(피보나치 만들기)", "05. method_ex_176p(피보나치 만들기)\05. method_ex_176p(피보나치 만들기).csproj", "{37D54705-694E-4332-8B39-21F1E5015ED7}"
EndProject
Project("{FAE04EC0-301F-11D3-BF4B-00C04F79EFBC}") = "06. method_ex_179~180p(ref 키워드)", "06. method_ex_179~180p(ref 키워드)\06. method_ex_179~180p(ref 키워드).csproj", "{E042E6F8-544E-4724-B114-354B56E3FA49}"
EndProject
Project("{FAE04EC0-301F-11D3-BF4B-00C04F79EFBC}") = "07. method_ex_190p(가변길이 매개변수)", "07. method_ex_190p(가변길이 매개변수)\07. method_ex_190p(가변길이 매개변수).csproj", "{95E956A4-D389-4191-BACC-323932F2CA03}"
EndProject
Project("{FAE04EC0-301F-11D3-BF4B-00C04F79EFBC}") = "08. method_ex_191~192p(명명된 매개변수)", "08. method_ex_191~192p(명명된 매개변수)\08. method_ex_191~192p(명명된 매개변수).csproj", "{BBBB2538-1DCB-4CCA-B908-21BE4319F7DD}"
EndProject
Project("{FAE04EC0-301F-11D3-BF4B-00C04F79EFBC}") = "09. method_ex_194p(선택적 매개변수)", "09. method_ex_194p(선택적 매개변수)\09. method_ex_194p(선택적 매개변수).csproj", "{FFF6CFD8-232C-42A6-862B-750927D4D3F5}"
EndProject
Project("{FAE04EC0-301F-11D3-BF4B-00C04F79EFBC}") = "10. 구조체(struct)의 정의", "10. 구조체(struct)의 정의\10. 구조체(struct)의 정의.csproj", "{76E16871-4885-4A28-AE06-F3620CA48015}"
EndProject
Global
	GlobalSection(SolutionConfigurationPlatforms) = preSolution
		Debug|Any CPU = Debug|Any CPU
		Release|Any CPU = Release|Any CPU
	EndGlobalSection
	GlobalSection(ProjectConfigurationPlatforms) = postSolution
		{D625D5D4-DEF2-41D7-A2A8-9CCEE125675E}.Debug|Any CPU.ActiveCfg = Debug|Any CPU
		{D625D5D4-DEF2-41D7-A2A8-9CCEE125675E}.Debug|Any CPU.Build.0 = Debug|Any CPU
		{D625D5D4-DEF2-41D7-A2A8-9CCEE125675E}.Release|Any CPU.ActiveCfg = Release|Any CPU
		{D625D5D4-DEF2-41D7-A2A8-9CCEE125675E}.Release|Any CPU.Build.0 = Release|Any CPU
		{0C76C608-8B93-409D-BCAD-5D6BAA59C87E}.Debug|Any CPU.ActiveCfg = Debug|Any CPU
		{0C76C608-8B93-409D-BCAD-5D6BAA59C87E}.Debug|Any CPU.Build.0 = Debug|Any CPU
		{0C76C608-8B93-409D-BCAD-5D6BAA59C87E}.Release|Any CPU.ActiveCfg = Release|Any CPU
		{0C76C608-8B93-409D-BCAD-5D6BAA59C87E}.Release|Any CPU.Build.0 = Release|Any CPU
		{05031B70-2877-465A-9F54-F3A60210B84D}.Debug|Any CPU.ActiveCfg = Debug|Any CPU
		{05031B70-2877-465A-9F54-F3A60210B84D}.Debug|Any CPU.Build.0 = Debug|Any CPU
		{05031B70-2877-465A-9F54-F3A60210B84D}.Release|Any CPU.ActiveCfg = Release|Any CPU
		{05031B70-2877-465A-9F54-F3A60210B84D}.Release|Any CPU.Build.0 = Release|Any CPU
		{50C7373C-00D7-4D97-B76A-55F58FA3C5B8}.Debug|Any CPU.ActiveCfg = Debug|Any CPU
		{50C7373C-00D7-4D97-B76A-55F58FA3C5B8}.Debug|Any CPU.Build.0 = Debug|Any CPU
		{50C7373C-00D7-4D97-B76A-55F58FA3C5B8}.Release|Any CPU.ActiveCfg = Release|Any CPU
		{50C7373C-00D7-4D97-B76A-55F58FA3C5B8}.Release|Any CPU.Build.0 = Release|Any CPU
		{37D54705-694E-4332-8B39-21F1E5015ED7}.Debug|Any CPU.ActiveCfg = Debug|Any CPU
		{37D54705-694E-4332-8B39-21F1E5015ED7}.Debug|Any CPU.Build.0 = Debug|Any CPU
		{37D54705-694E-4332-8B39-21F1E5015ED7}.Release|Any CPU.ActiveCfg = Release|Any CPU
		{37D54705-694E-4332-8B39-21F1E5015ED7}.Release|Any CPU.Build.0 = Release|Any CPU
		{E042E6F8-544E-4724-B114-354B56E3FA49}.Debug|Any CPU.ActiveCfg = Debug|Any CPU
		{E042E6F8-544E-4724-B114-354B56E3FA49}.Debug|Any CPU.Build.0 = Debug|Any CPU
		{E042E6F8-544E-4724-B114-354B56E3FA49}.Release|Any CPU.ActiveCfg = Release|Any CPU
		{E042E6F8-544E-4724-B114-354B56E3FA49}.Release|Any CPU.Build.0 = Release|Any CPU
		{95E956A4-D389-4191-BACC-323932F2CA03}.Debug|Any CPU.ActiveCfg = Debug|Any CPU
		{95E956A4-D389-4191-BACC-323932F2CA03}.Debug|Any CPU.Build.0 = Debug|Any CPU
		{95E956A4-D389-4191-BACC-323932F2CA03}.Release|Any CPU.ActiveCfg = Release|Any CPU
		{95E956A4-D389-4191-BACC-323932F2CA03}.Release|Any CPU.Build.0 = Release|Any CPU
		{BBBB2538-1DCB-4CCA-B908-21BE4319F7DD}.Debug|Any CPU.ActiveCfg = Debug|Any CPU
		{BBBB2538-1DCB-4CCA-B908-21BE4319F7DD}.Debug|Any CPU.Build.0 = Debug|Any CPU
		{BBBB2538-1DCB-4CCA-B908-21BE4319F7DD}.Release|Any CPU.ActiveCfg = Release|Any CPU
		{BBBB2538-1DCB-4CCA-B908-21BE4319F7DD}.Release|Any CPU.Build.0 = Release|Any CPU
		{FFF6CFD8-232C-42A6-862B-750927D4D3F5}.Debug|Any CPU.ActiveCfg = Debug|Any CPU
		{FFF6CFD8-232C-42A6-862B-750927D4D3F5}.Debug|Any CPU.Build.0 = Debug|Any CPU
		{FFF6CFD8-232C-42A6-862B-750927D4D3F5}.Release|Any CPU.ActiveCfg = Release|Any CPU
		{FFF6CFD8-232C-42A6-862B-750927D4D3F5}.Release|Any CPU.Build.0 = Release|Any CPU
		{76E16871-4885-4A28-AE06-F3620CA48015}.Debug|Any CPU.ActiveCfg = Debug|Any CPU
		{76E16871-4885-4A28-AE06-F3620CA48015}.Debug|Any CPU.Build.0 = Debug|Any CPU
		{76E16871-4885-4A28-AE06-F3620CA48015}.Release|Any CPU.ActiveCfg = Release|Any CPU
		{76E16871-4885-4A28-AE06-F3620CA48015}.Release|Any CPU.Build.0 = Release|Any CPU
	EndGlobalSection
	GlobalSection(SolutionProperties) = preSolution
		HideSolutionNode = FALSE
	EndGlobalSection
EndGlobal
